lockfileVersion: '9.0'

settings:
  autoInstallPeers: true
  excludeLinksFromLockfile: false

overrides:
  '@ggdna/dna-blog': link:../dna_blog
  '@ggdna/dna-clean-code': link:../dna_clean_code
  '@ggdna/dna-guides': link:../dna_guides
  '@ggdna/dna-index': link:../dna_index
  '@ggdna/dna-install': link:../dna_install
  '@ggdna/dna-readme': link:../dna_readme
  '@ggdna/dna-translate': link:../dna_translate
  '@ggdna/dna-vscode': link:../dna_vscode
  '@ggdna/dna-gg': link:../dna_gg
  '@ggdna/dna-scripts': link:../dna_scripts

importers:

  .:
    dependencies:
      '@ggdna/dna-blog':
        specifier: link:../dna_blog
        version: link:../dna_blog
      '@ggdna/dna-clean-code':
        specifier: link:../dna_clean_code
        version: link:../dna_clean_code
      '@ggdna/dna-gg':
        specifier: link:../dna_gg
        version: link:../dna_gg
      '@ggdna/dna-guides':
        specifier: link:../dna_guides
        version: link:../dna_guides
      '@ggdna/dna-index':
        specifier: link:../dna_index
        version: link:../dna_index
      '@ggdna/dna-install':
        specifier: link:../dna_install
        version: link:../dna_install
      '@ggdna/dna-readme':
        specifier: link:../dna_readme
        version: link:../dna_readme
      '@ggdna/dna-translate':
        specifier: link:../dna_translate
        version: link:../dna_translate
      '@ggdna/dna-vscode':
        specifier: link:../dna_vscode
        version: link:../dna_vscode
    devDependencies:
      '@types/node':
        specifier: ^26.2.0
        version: 26.2.0
      prettier:
        specifier: ^3.9.6
        version: 3.9.6

packages:

  '@types/node@26.2.0':
    resolution: {integrity: sha512-5IviulTZeRNp2vAJ514cc/HUlY5nZ9fCbq9DMyC52BrhFZACo3nI0R7qBxhQmo/d27NFe96ur/b7Wwxklda+kg==}

  prettier@3.9.6:
    resolution: {integrity: sha512-OpN0zzVdiaiAhxpuuj5efpIS4sY9j7bY6uR5mnj5yPzGkdkjNKSJeUThPb60Jw29QuAZgA4o+/iB49kFiaBX6g==}
    engines: {node: '>=14'}
    hasBin: true

  undici-types@8.3.0:
    resolution: {integrity: sha512-j375ScV60dom+YkPFIfTLcOiPxkN/buHz5GobjLhixFuANaNs3C9l4GmrWqejgXWJ7BbJcFYpTEUkS1Ge8bpZQ==}

snapshots:

  '@types/node@26.2.0':
    dependencies:
      undici-types: 8.3.0

  prettier@3.9.6: {}

  undici-types@8.3.0: {}
